
Microsoft Visual Studio Solution File, Format Version 12.00
# Visual Studio 15
VisualStudioVersion = 15.0.28307.421
MinimumVisualStudioVersion = 10.0.40219.1
Project("{FAE04EC0-301F-11D3-BF4B-00C04F79EFBC}") = "homework2.3", "homework2.3\homework2.3.csproj", "{D39CA961-E9AE-4F35-A0CC-30AA627927A2}"
EndProject
Global
	GlobalSection(SolutionConfigurationPlatforms) = preSolution
		Debug|Any CPU = Debug|Any CPU
		Release|Any CPU = Release|Any CPU
	EndGlobalSection
	GlobalSection(ProjectConfigurationPlatforms) = postSolution
		{D39CA961-E9AE-4F35-A0CC-30AA627927A2}.Debug|Any CPU.ActiveCfg = Debug|Any CPU
		{D39CA961-E9AE-4F35-A0CC-30AA627927A2}.Debug|Any CPU.Build.0 = Debug|Any CPU
		{D39CA961-E9AE-4F35-A0CC-30AA627927A2}.Release|Any CPU.ActiveCfg = Release|Any CPU
		{D39CA961-E9AE-4F35-A0CC-30AA627927A2}.Release|Any CPU.Build.0 = Release|Any CPU
	EndGlobalSection
	GlobalSection(SolutionProperties) = preSolution
		HideSolutionNode = FALSE
	EndGlobalSection
	GlobalSection(ExtensibilityGlobals) = postSolution
		SolutionGuid = {94F17E4E-C629-44A4-B0E6-0D9670121FFA}
	EndGlobalSection
EndGlobal
