
Microsoft Visual Studio Solution File, Format Version 12.00
# Visual Studio 15
VisualStudioVersion = 15.0.28307.421
MinimumVisualStudioVersion = 10.0.40219.1
Project("{FAE04EC0-301F-11D3-BF4B-00C04F79EFBC}") = "csharpwork6", "csharpwork6\csharpwork6.csproj", "{CC01B624-B1F8-4E2C-8B65-842D14F11AAA}"
EndProject
Global
	GlobalSection(SolutionConfigurationPlatforms) = preSolution
		Debug|Any CPU = Debug|Any CPU
		Release|Any CPU = Release|Any CPU
	EndGlobalSection
	GlobalSection(ProjectConfigurationPlatforms) = postSolution
		{CC01B624-B1F8-4E2C-8B65-842D14F11AAA}.Debug|Any CPU.ActiveCfg = Debug|Any CPU
		{CC01B624-B1F8-4E2C-8B65-842D14F11AAA}.Debug|Any CPU.Build.0 = Debug|Any CPU
		{CC01B624-B1F8-4E2C-8B65-842D14F11AAA}.Release|Any CPU.ActiveCfg = Release|Any CPU
		{CC01B624-B1F8-4E2C-8B65-842D14F11AAA}.Release|Any CPU.Build.0 = Release|Any CPU
	EndGlobalSection
	GlobalSection(SolutionProperties) = preSolution
		HideSolutionNode = FALSE
	EndGlobalSection
	GlobalSection(ExtensibilityGlobals) = postSolution
		SolutionGuid = {944384FE-9280-43C9-9D3A-AF965E38791F}
	EndGlobalSection
EndGlobal
