
Microsoft Visual Studio Solution File, Format Version 12.00
# Visual Studio 15
VisualStudioVersion = 15.0.28307.421
MinimumVisualStudioVersion = 10.0.40219.1
Project("{FAE04EC0-301F-11D3-BF4B-00C04F79EFBC}") = "clock", "clock\clock.csproj", "{3A0277E7-064E-4A23-9E94-7F28D510D936}"
EndProject
Global
	GlobalSection(SolutionConfigurationPlatforms) = preSolution
		Debug|Any CPU = Debug|Any CPU
		Release|Any CPU = Release|Any CPU
	EndGlobalSection
	GlobalSection(ProjectConfigurationPlatforms) = postSolution
		{3A0277E7-064E-4A23-9E94-7F28D510D936}.Debug|Any CPU.ActiveCfg = Debug|Any CPU
		{3A0277E7-064E-4A23-9E94-7F28D510D936}.Debug|Any CPU.Build.0 = Debug|Any CPU
		{3A0277E7-064E-4A23-9E94-7F28D510D936}.Release|Any CPU.ActiveCfg = Release|Any CPU
		{3A0277E7-064E-4A23-9E94-7F28D510D936}.Release|Any CPU.Build.0 = Release|Any CPU
	EndGlobalSection
	GlobalSection(SolutionProperties) = preSolution
		HideSolutionNode = FALSE
	EndGlobalSection
	GlobalSection(ExtensibilityGlobals) = postSolution
		SolutionGuid = {57F52558-5DC6-46CD-8C94-B672CE4F0BA3}
	EndGlobalSection
EndGlobal
